// !$*UTF8*$!
{
	archiveVersion = 1;
	classes = {
	};
	objectVersion = 46;
	objects = {

/* Begin PBXBuildFile section */
		211D2A86013144FF5E9D6F73 /* Pods_stormy.framework in Frameworks */ = {isa = PBXBuildFile; fileRef = 61D8588E63F0FD07729AE263 /* Pods_stormy.framework */; };
		D0920C921EC2565B00BBE06B /* AppDelegate.swift in Sources */ = {isa = PBXBuildFile; fileRef = D0920C911EC2565B00BBE06B /* AppDelegate.swift */; };
		D0920C941EC2565B00BBE06B /* ViewController.swift in Sources */ = {isa = PBXBuildFile; fileRef = D0920C931EC2565B00BBE06B /* ViewController.swift */; };
		D0920C971EC2565B00BBE06B /* Main.storyboard in Resources */ = {isa = PBXBuildFile; fileRef = D0920C951EC2565B00BBE06B /* Main.storyboard */; };
		D0920C991EC2565B00BBE06B /* Assets.xcassets in Resources */ = {isa = PBXBuildFile; fileRef = D0920C981EC2565B00BBE06B /* Assets.xcassets */; };
		D0920C9C1EC2565B00BBE06B /* LaunchScreen.storyboard in Resources */ = {isa = PBXBuildFile; fileRef = D0920C9A1EC2565B00BBE06B /* LaunchScreen.storyboard */; };
		D0920CA71EC2565C00BBE06B /* stormyTests.swift in Sources */ = {isa = PBXBuildFile; fileRef = D0920CA61EC2565C00BBE06B /* stormyTests.swift */; };
		D0920CB21EC2565C00BBE06B /* stormyUITests.swift in Sources */ = {isa = PBXBuildFile; fileRef = D0920CB11EC2565C00BBE06B /* stormyUITests.swift */; };
/* End PBXBuildFile section */

/* Begin PBXContainerItemProxy section */
		D0920CA31EC2565C00BBE06B /* PBXContainerItemProxy */ = {
			isa = PBXContainerItemProxy;
			containerPortal = D0920C861EC2565B00BBE06B /* Project object */;
			proxyType = 1;
			remoteGlobalIDString = D0920C8D1EC2565B00BBE06B;
			remoteInfo = stormy;
		};
		D0920CAE1EC2565C00BBE06B /* PBXContainerItemProxy */ = {
			isa = PBXContainerItemProxy;
			containerPortal = D0920C861EC2565B00BBE06B /* Project object */;
			proxyType = 1;
			remoteGlobalIDString = D0920C8D1EC2565B00BBE06B;
			remoteInfo = stormy;
		};
/* End PBXContainerItemProxy section */

/* Begin PBXFileReference section */
		57C285303261B3EC6CED3069 /* Pods_stormyUITests.framework */ = {isa = PBXFileReference; explicitFileType = wrapper.framework; includeInIndex = 0; path = Pods_stormyUITests.framework; sourceTree = BUILT_PRODUCTS_DIR; };
		61D8588E63F0FD07729AE263 /* Pods_stormy.framework */ = {isa = PBXFileReference; explicitFileType = wrapper.framework; includeInIndex = 0; path = Pods_stormy.framework; sourceTree = BUILT_PRODUCTS_DIR; };
		856013E0D8F1AB0EFDDE0737 /* Pods-stormy.release.xcconfig */ = {isa = PBXFileReference; includeInIndex = 1; lastKnownFileType = text.xcconfig; name = "Pods-stormy.release.xcconfig"; path = "Pods/Target Support Files/Pods-stormy/Pods-stormy.release.xcconfig"; sourceTree = "<group>"; };
		9E49A68974E54DB06C89F893 /* Pods-stormy.debug.xcconfig */ = {isa = PBXFileReference; includeInIndex = 1; lastKnownFileType = text.xcconfig; name = "Pods-stormy.debug.xcconfig"; path = "Pods/Target Support Files/Pods-stormy/Pods-stormy.debug.xcconfig"; sourceTree = "<group>"; };
		A5EB6B9625649182909C5100 /* Pods_stormyTests.framework */ = {isa = PBXFileReference; explicitFileType = wrapper.framework; includeInIndex = 0; path = Pods_stormyTests.framework; sourceTree = BUILT_PRODUCTS_DIR; };
		D0920C8E1EC2565B00BBE06B /* stormy.app */ = {isa = PBXFileReference; explicitFileType = wrapper.application; includeInIndex = 0; path = stormy.app; sourceTree = BUILT_PRODUCTS_DIR; };
		D0920C911EC2565B00BBE06B /* AppDelegate.swift */ = {isa = PBXFileReference; lastKnownFileType = sourcecode.swift; path = AppDelegate.swift; sourceTree = "<group>"; };
		D0920C931EC2565B00BBE06B /* ViewController.swift */ = {isa = PBXFileReference; lastKnownFileType = sourcecode.swift; path = ViewController.swift; sourceTree = "<group>"; };
		D0920C961EC2565B00BBE06B /* Base */ = {isa = PBXFileReference; lastKnownFileType = file.storyboard; name = Base; path = Base.lproj/Main.storyboard; sourceTree = "<group>"; };
		D0920C981EC2565B00BBE06B /* Assets.xcassets */ = {isa = PBXFileReference; lastKnownFileType = folder.assetcatalog; path = Assets.xcassets; sourceTree = "<group>"; };
		D0920C9B1EC2565B00BBE06B /* Base */ = {isa = PBXFileReference; lastKnownFileType = file.storyboard; name = Base; path = Base.lproj/LaunchScreen.storyboard; sourceTree = "<group>"; };
		D0920C9D1EC2565B00BBE06B /* Info.plist */ = {isa = PBXFileReference; lastKnownFileType = text.plist.xml; path = Info.plist; sourceTree = "<group>"; };
		D0920CA21EC2565C00BBE06B /* stormyTests.xctest */ = {isa = PBXFileReference; explicitFileType = wrapper.cfbundle; includeInIndex = 0; path = stormyTests.xctest; sourceTree = BUILT_PRODUCTS_DIR; };
		D0920CA61EC2565C00BBE06B /* stormyTests.swift */ = {isa = PBXFileReference; lastKnownFileType = sourcecode.swift; path = stormyTests.swift; sourceTree = "<group>"; };
		D0920CA81EC2565C00BBE06B /* Info.plist */ = {isa = PBXFileReference; lastKnownFileType = text.plist.xml; path = Info.plist; sourceTree = "<group>"; };
		D0920CAD1EC2565C00BBE06B /* stormyUITests.xctest */ = {isa = PBXFileReference; explicitFileType = wrapper.cfbundle; includeInIndex = 0; path = stormyUITests.xctest; sourceTree = BUILT_PRODUCTS_DIR; };
		D0920CB11EC2565C00BBE06B /* stormyUITests.swift */ = {isa = PBXFileReference; lastKnownFileType = sourcecode.swift; path = stormyUITests.swift; sourceTree = "<group>"; };
		D0920CB31EC2565C00BBE06B /* Info.plist */ = {isa = PBXFileReference; lastKnownFileType = text.plist.xml; path = Info.plist; sourceTree = "<group>"; };
/* End PBXFileReference section */

/* Begin PBXFrameworksBuildPhase section */
		D0920C8B1EC2565B00BBE06B /* Frameworks */ = {
			isa = PBXFrameworksBuildPhase;
			buildActionMask = 2147483647;
			files = (
				211D2A86013144FF5E9D6F73 /* Pods_stormy.framework in Frameworks */,
			);
			runOnlyForDeploymentPostprocessing = 0;
		};
		D0920C9F1EC2565C00BBE06B /* Frameworks */ = {
			isa = PBXFrameworksBuildPhase;
			buildActionMask = 2147483647;
			files = (
			);
			runOnlyForDeploymentPostprocessing = 0;
		};
		D0920CAA1EC2565C00BBE06B /* Frameworks */ = {
			isa = PBXFrameworksBuildPhase;
			buildActionMask = 2147483647;
			files = (
			);
			runOnlyForDeploymentPostprocessing = 0;
		};
/* End PBXFrameworksBuildPhase section */

/* Begin PBXGroup section */
		56576476A2270A89F87905DF /* Pods */ = {
			isa = PBXGroup;
			children = (
				9E49A68974E54DB06C89F893 /* Pods-stormy.debug.xcconfig */,
				856013E0D8F1AB0EFDDE0737 /* Pods-stormy.release.xcconfig */,
			);
			name = Pods;
			sourceTree = "<group>";
		};
		9AA695922B49FC99C728F27C /* Frameworks */ = {
			isa = PBXGroup;
			children = (
				61D8588E63F0FD07729AE263 /* Pods_stormy.framework */,
				A5EB6B9625649182909C5100 /* Pods_stormyTests.framework */,
				57C285303261B3EC6CED3069 /* Pods_stormyUITests.framework */,
			);
			name = Frameworks;
			sourceTree = "<group>";
		};
		D0920C851EC2565B00BBE06B = {
			isa = PBXGroup;
			children = (
				D0920C901EC2565B00BBE06B /* stormy */,
				D0920CA51EC2565C00BBE06B /* stormyTests */,
				D0920CB01EC2565C00BBE06B /* stormyUITests */,
				D0920C8F1EC2565B00BBE06B /* Products */,
				56576476A2270A89F87905DF /* Pods */,
				9AA695922B49FC99C728F27C /* Frameworks */,
			);
			sourceTree = "<group>";
		};
		D0920C8F1EC2565B00BBE06B /* Products */ = {
			isa = PBXGroup;
			children = (
				D0920C8E1EC2565B00BBE06B /* stormy.app */,
				D0920CA21EC2565C00BBE06B /* stormyTests.xctest */,
				D0920CAD1EC2565C00BBE06B /* stormyUITests.xctest */,
			);
			name = Products;
			sourceTree = "<group>";
		};
		D0920C901EC2565B00BBE06B /* stormy */ = {
			isa = PBXGroup;
			children = (
				D0920C911EC2565B00BBE06B /* AppDelegate.swift */,
				D0920C931EC2565B00BBE06B /* ViewController.swift */,
				D0920C951EC2565B00BBE06B /* Main.storyboard */,
				D0920C981EC2565B00BBE06B /* Assets.xcassets */,
				D0920C9A1EC2565B00BBE06B /* LaunchScreen.storyboard */,
				D0920C9D1EC2565B00BBE06B /* Info.plist */,
			);
			path = stormy;
			sourceTree = "<group>";
		};
		D0920CA51EC2565C00BBE06B /* stormyTests */ = {
			isa = PBXGroup;
			children = (
				D0920CA61EC2565C00BBE06B /* stormyTests.swift */,
				D0920CA81EC2565C00BBE06B /* Info.plist */,
			);
			path = stormyTests;
			sourceTree = "<group>";
		};
		D0920CB01EC2565C00BBE06B /* stormyUITests */ = {
			isa = PBXGroup;
			children = (
				D0920CB11EC2565C00BBE06B /* stormyUITests.swift */,
				D0920CB31EC2565C00BBE06B /* Info.plist */,
			);
			path = stormyUITests;
			sourceTree = "<group>";
		};
/* End PBXGroup section */

/* Begin PBXNativeTarget section */
		D0920C8D1EC2565B00BBE06B /* stormy */ = {
			isa = PBXNativeTarget;
			buildConfigurationList = D0920CB61EC2565C00BBE06B /* Build configuration list for PBXNativeTarget "stormy" */;
			buildPhases = (
				2C14BE6B2F35FD03FB48EF16 /* [CP] Check Pods Manifest.lock */,
				D0920C8A1EC2565B00BBE06B /* Sources */,
				D0920C8B1EC2565B00BBE06B /* Frameworks */,
				D0920C8C1EC2565B00BBE06B /* Resources */,
				23972B8F8EE99DD7A872CFB8 /* [CP] Embed Pods Frameworks */,
				02CAED3CEDFF01E7C2E7B105 /* [CP] Copy Pods Resources */,
			);
			buildRules = (
			);
			dependencies = (
			);
			name = stormy;
			productName = stormy;
			productReference = D0920C8E1EC2565B00BBE06B /* stormy.app */;
			productType = "com.apple.product-type.application";
		};
		D0920CA11EC2565C00BBE06B /* stormyTests */ = {
			isa = PBXNativeTarget;
			buildConfigurationList = D0920CB91EC2565C00BBE06B /* Build configuration list for PBXNativeTarget "stormyTests" */;
			buildPhases = (
				D0920C9E1EC2565C00BBE06B /* Sources */,
				D0920C9F1EC2565C00BBE06B /* Frameworks */,
				D0920CA01EC2565C00BBE06B /* Resources */,
			);
			buildRules = (
			);
			dependencies = (
				D0920CA41EC2565C00BBE06B /* PBXTargetDependency */,
			);
			name = stormyTests;
			productName = stormyTests;
			productReference = D0920CA21EC2565C00BBE06B /* stormyTests.xctest */;
			productType = "com.apple.product-type.bundle.unit-test";
		};
		D0920CAC1EC2565C00BBE06B /* stormyUITests */ = {
			isa = PBXNativeTarget;
			buildConfigurationList = D0920CBC1EC2565C00BBE06B /* Build configuration list for PBXNativeTarget "stormyUITests" */;
			buildPhases = (
				D0920CA91EC2565C00BBE06B /* Sources */,
				D0920CAA1EC2565C00BBE06B /* Frameworks */,
				D0920CAB1EC2565C00BBE06B /* Resources */,
			);
			buildRules = (
			);
			dependencies = (
				D0920CAF1EC2565C00BBE06B /* PBXTargetDependency */,
			);
			name = stormyUITests;
			productName = stormyUITests;
			productReference = D0920CAD1EC2565C00BBE06B /* stormyUITests.xctest */;
			productType = "com.apple.product-type.bundle.ui-testing";
		};
/* End PBXNativeTarget section */

/* Begin PBXProject section */
		D0920C861EC2565B00BBE06B /* Project object */ = {
			isa = PBXProject;
			attributes = {
				LastSwiftUpdateCheck = 0830;
				LastUpgradeCheck = 0830;
				ORGANIZATIONNAME = "David Ramirez";
				TargetAttributes = {
					D0920C8D1EC2565B00BBE06B = {
						CreatedOnToolsVersion = 8.3.2;
						DevelopmentTeam = MSPH9VBN9U;
						ProvisioningStyle = Automatic;
					};
					D0920CA11EC2565C00BBE06B = {
						CreatedOnToolsVersion = 8.3.2;
						DevelopmentTeam = MSPH9VBN9U;
						ProvisioningStyle = Automatic;
						TestTargetID = D0920C8D1EC2565B00BBE06B;
					};
					D0920CAC1EC2565C00BBE06B = {
						CreatedOnToolsVersion = 8.3.2;
						DevelopmentTeam = MSPH9VBN9U;
						ProvisioningStyle = Automatic;
						TestTargetID = D0920C8D1EC2565B00BBE06B;
					};
				};
			};
			buildConfigurationList = D0920C891EC2565B00BBE06B /* Build configuration list for PBXProject "stormy" */;
			compatibilityVersion = "Xcode 3.2";
			developmentRegion = English;
			hasScannedForEncodings = 0;
			knownRegions = (
				en,
				Base,
			);
			mainGroup = D0920C851EC2565B00BBE06B;
			productRefGroup = D0920C8F1EC2565B00BBE06B /* Products */;
			projectDirPath = "";
			projectRoot = "";
			targets = (
				D0920C8D1EC2565B00BBE06B /* stormy */,
				D0920CA11EC2565C00BBE06B /* stormyTests */,
				D0920CAC1EC2565C00BBE06B /* stormyUITests */,
			);
		};
/* End PBXProject section */

/* Begin PBXResourcesBuildPhase section */
		D0920C8C1EC2565B00BBE06B /* Resources */ = {
			isa = PBXResourcesBuildPhase;
			buildActionMask = 2147483647;
			files = (
				D0920C9C1EC2565B00BBE06B /* LaunchScreen.storyboard in Resources */,
				D0920C991EC2565B00BBE06B /* Assets.xcassets in Resources */,
				D0920C971EC2565B00BBE06B /* Main.storyboard in Resources */,
			);
			runOnlyForDeploymentPostprocessing = 0;
		};
		D0920CA01EC2565C00BBE06B /* Resources */ = {
			isa = PBXResourcesBuildPhase;
			buildActionMask = 2147483647;
			files = (
			);
			runOnlyForDeploymentPostprocessing = 0;
		};
		D0920CAB1EC2565C00BBE06B /* Resources */ = {
			isa = PBXResourcesBuildPhase;
			buildActionMask = 2147483647;
			files = (
			);
			runOnlyForDeploymentPostprocessing = 0;
		};
/* End PBXResourcesBuildPhase section */

/* Begin PBXShellScriptBuildPhase section */
		02CAED3CEDFF01E7C2E7B105 /* [CP] Copy Pods Resources */ = {
			isa = PBXShellScriptBuildPhase;
			buildActionMask = 2147483647;
			files = (
			);
			inputPaths = (
			);
			name = "[CP] Copy Pods Resources";
			outputPaths = (
			);
			runOnlyForDeploymentPostprocessing = 0;
			shellPath = /bin/sh;
			shellScript = "\"${SRCROOT}/Pods/Target Support Files/Pods-stormy/Pods-stormy-resources.sh\"\n";
			showEnvVarsInLog = 0;
		};
		23972B8F8EE99DD7A872CFB8 /* [CP] Embed Pods Frameworks */ = {
			isa = PBXShellScriptBuildPhase;
			buildActionMask = 2147483647;
			files = (
			);
			inputPaths = (
			);
			name = "[CP] Embed Pods Frameworks";
			outputPaths = (
			);
			runOnlyForDeploymentPostprocessing = 0;
			shellPath = /bin/sh;
			shellScript = "\"${SRCROOT}/Pods/Target Support Files/Pods-stormy/Pods-stormy-frameworks.sh\"\n";
			showEnvVarsInLog = 0;
		};
		2C14BE6B2F35FD03FB48EF16 /* [CP] Check Pods Manifest.lock */ = {
			isa = PBXShellScriptBuildPhase;
			buildActionMask = 2147483647;
			files = (
			);
			inputPaths = (
			);
			name = "[CP] Check Pods Manifest.lock";
			outputPaths = (
			);
			runOnlyForDeploymentPostprocessing = 0;
			shellPath = /bin/sh;
			shellScript = "diff \"${PODS_PODFILE_DIR_PATH}/Podfile.lock\" \"${PODS_ROOT}/Manifest.lock\" > /dev/null\nif [ $? != 0 ] ; then\n    # print error to STDERR\n    echo \"error: The sandbox is not in sync with the Podfile.lock. Run 'pod install' or update your CocoaPods installation.\" >&2\n    exit 1\nfi\n";
			showEnvVarsInLog = 0;
		};
/* End PBXShellScriptBuildPhase section */

/* Begin PBXSourcesBuildPhase section */
		D0920C8A1EC2565B00BBE06B /* Sources */ = {
			isa = PBXSourcesBuildPhase;
			buildActionMask = 2147483647;
			files = (
				D0920C941EC2565B00BBE06B /* ViewController.swift in Sources */,
				D0920C921EC2565B00BBE06B /* AppDelegate.swift in Sources */,
			);
			runOnlyForDeploymentPostprocessing = 0;
		};
		D0920C9E1EC2565C00BBE06B /* Sources */ = {
			isa = PBXSourcesBuildPhase;
			buildActionMask = 2147483647;
			files = (
				D0920CA71EC2565C00BBE06B /* stormyTests.swift in Sources */,
			);
			runOnlyForDeploymentPostprocessing = 0;
		};
		D0920CA91EC2565C00BBE06B /* Sources */ = {
			isa = PBXSourcesBuildPhase;
			buildActionMask = 2147483647;
			files = (
				D0920CB21EC2565C00BBE06B /* stormyUITests.swift in Sources */,
			);
			runOnlyForDeploymentPostprocessing = 0;
		};
/* End PBXSourcesBuildPhase section */

/* Begin PBXTargetDependency section */
		D0920CA41EC2565C00BBE06B /* PBXTargetDependency */ = {
			isa = PBXTargetDependency;
			target = D0920C8D1EC2565B00BBE06B /* stormy */;
			targetProxy = D0920CA31EC2565C00BBE06B /* PBXContainerItemProxy */;
		};
		D0920CAF1EC2565C00BBE06B /* PBXTargetDependency */ = {
			isa = PBXTargetDependency;
			target = D0920C8D1EC2565B00BBE06B /* stormy */;
			targetProxy = D0920CAE1EC2565C00BBE06B /* PBXContainerItemProxy */;
		};
/* End PBXTargetDependency section */

/* Begin PBXVariantGroup section */
		D0920C951EC2565B00BBE06B /* Main.storyboard */ = {
			isa = PBXVariantGroup;
			children = (
				D0920C961EC2565B00BBE06B /* Base */,
			);
			name = Main.storyboard;
			sourceTree = "<group>";
		};
		D0920C9A1EC2565B00BBE06B /* LaunchScreen.storyboard */ = {
			isa = PBXVariantGroup;
			children = (
				D0920C9B1EC2565B00BBE06B /* Base */,
			);
			name = LaunchScreen.storyboard;
			sourceTree = "<group>";
		};
/* End PBXVariantGroup section */

/* Begin XCBuildConfiguration section */
		D0920CB41EC2565C00BBE06B /* Debug */ = {
			isa = XCBuildConfiguration;
			buildSettings = {
				ALWAYS_SEARCH_USER_PATHS = NO;
				CLANG_ANALYZER_NONNULL = YES;
				CLANG_ANALYZER_NUMBER_OBJECT_CONVERSION = YES_AGGRESSIVE;
				CLANG_CXX_LANGUAGE_STANDARD = "gnu++0x";
				CLANG_CXX_LIBRARY = "libc++";
				CLANG_ENABLE_MODULES = YES;
				CLANG_ENABLE_OBJC_ARC = YES;
				CLANG_WARN_BOOL_CONVERSION = YES;
				CLANG_WARN_CONSTANT_CONVERSION = YES;
				CLANG_WARN_DIRECT_OBJC_ISA_USAGE = YES_ERROR;
				CLANG_WARN_DOCUMENTATION_COMMENTS = YES;
				CLANG_WARN_EMPTY_BODY = YES;
				CLANG_WARN_ENUM_CONVERSION = YES;
				CLANG_WARN_INFINITE_RECURSION = YES;
				CLANG_WARN_INT_CONVERSION = YES;
				CLANG_WARN_OBJC_ROOT_CLASS = YES_ERROR;
				CLANG_WARN_SUSPICIOUS_MOVE = YES;
				CLANG_WARN_UNREACHABLE_CODE = YES;
				CLANG_WARN__DUPLICATE_METHOD_MATCH = YES;
				"CODE_SIGN_IDENTITY[sdk=iphoneos*]" = "iPhone Developer";
				COPY_PHASE_STRIP = NO;
				DEBUG_INFORMATION_FORMAT = dwarf;
				ENABLE_STRICT_OBJC_MSGSEND = YES;
				ENABLE_TESTABILITY = YES;
				GCC_C_LANGUAGE_STANDARD = gnu99;
				GCC_DYNAMIC_NO_PIC = NO;
				GCC_NO_COMMON_BLOCKS = YES;
				GCC_OPTIMIZATION_LEVEL = 0;
				GCC_PREPROCESSOR_DEFINITIONS = (
					"DEBUG=1",
					"$(inherited)",
				);
				GCC_WARN_64_TO_32_BIT_CONVERSION = YES;
				GCC_WARN_ABOUT_RETURN_TYPE = YES_ERROR;
				GCC_WARN_UNDECLARED_SELECTOR = YES;
				GCC_WARN_UNINITIALIZED_AUTOS = YES_AGGRESSIVE;
				GCC_WARN_UNUSED_FUNCTION = YES;
				GCC_WARN_UNUSED_VARIABLE = YES;
				IPHONEOS_DEPLOYMENT_TARGET = 10.3;
				MTL_ENABLE_DEBUG_INFO = YES;
				ONLY_ACTIVE_ARCH = YES;
				SDKROOT = iphoneos;
				SWIFT_ACTIVE_COMPILATION_CONDITIONS = DEBUG;
				SWIFT_OPTIMIZATION_LEVEL = "-Onone";
				TARGETED_DEVICE_FAMILY = "1,2";
			};
			name = Debug;
		};
		D0920CB51EC2565C00BBE06B /* Release */ = {
			isa = XCBuildConfiguration;
			buildSettings = {
				ALWAYS_SEARCH_USER_PATHS = NO;
				CLANG_ANALYZER_NONNULL = YES;
				CLANG_ANALYZER_NUMBER_OBJECT_CONVERSION = YES_AGGRESSIVE;
				CLANG_CXX_LANGUAGE_STANDARD = "gnu++0x";
				CLANG_CXX_LIBRARY = "libc++";
				CLANG_ENABLE_MODULES = YES;
				CLANG_ENABLE_OBJC_ARC = YES;
				CLANG_WARN_BOOL_CONVERSION = YES;
				CLANG_WARN_CONSTANT_CONVERSION = YES;
				CLANG_WARN_DIRECT_OBJC_ISA_USAGE = YES_ERROR;
				CLANG_WARN_DOCUMENTATION_COMMENTS = YES;
				CLANG_WARN_EMPTY_BODY = YES;
				CLANG_WARN_ENUM_CONVERSION = YES;
				CLANG_WARN_INFINITE_RECURSION = YES;
				CLANG_WARN_INT_CONVERSION = YES;
				CLANG_WARN_OBJC_ROOT_CLASS = YES_ERROR;
				CLANG_WARN_SUSPICIOUS_MOVE = YES;
				CLANG_WARN_UNREACHABLE_CODE = YES;
				CLANG_WARN__DUPLICATE_METHOD_MATCH = YES;
				"CODE_SIGN_IDENTITY[sdk=iphoneos*]" = "iPhone Developer";
				COPY_PHASE_STRIP = NO;
				DEBUG_INFORMATION_FORMAT = "dwarf-with-dsym";
				ENABLE_NS_ASSERTIONS = NO;
				ENABLE_STRICT_OBJC_MSGSEND = YES;
				GCC_C_LANGUAGE_STANDARD = gnu99;
				GCC_NO_COMMON_BLOCKS = YES;
				GCC_WARN_64_TO_32_BIT_CONVERSION = YES;
				GCC_WARN_ABOUT_RETURN_TYPE = YES_ERROR;
				GCC_WARN_UNDECLARED_SELECTOR = YES;
				GCC_WARN_UNINITIALIZED_AUTOS = YES_AGGRESSIVE;
				GCC_WARN_UNUSED_FUNCTION = YES;
				GCC_WARN_UNUSED_VARIABLE = YES;
				IPHONEOS_DEPLOYMENT_TARGET = 10.3;
				MTL_ENABLE_DEBUG_INFO = NO;
				SDKROOT = iphoneos;
				SWIFT_OPTIMIZATION_LEVEL = "-Owholemodule";
				TARGETED_DEVICE_FAMILY = "1,2";
				VALIDATE_PRODUCT = YES;
			};
			name = Release;
		};
		D0920CB71EC2565C00BBE06B /* Debug */ = {
			isa = XCBuildConfiguration;
			baseConfigurationReference = 9E49A68974E54DB06C89F893 /* Pods-stormy.debug.xcconfig */;
			buildSettings = {
				ASSETCATALOG_COMPILER_APPICON_NAME = AppIcon;
				DEVELOPMENT_TEAM = MSPH9VBN9U;
				INFOPLIST_FILE = stormy/Info.plist;
				LD_RUNPATH_SEARCH_PATHS = "$(inherited) @executable_path/Frameworks";
				PRODUCT_BUNDLE_IDENTIFIER = com.davidramirez.stormy;
				PRODUCT_NAME = "$(TARGET_NAME)";
				SWIFT_VERSION = 3.0;
				TARGETED_DEVICE_FAMILY = 1;
			};
			name = Debug;
		};
		D0920CB81EC2565C00BBE06B /* Release */ = {
			isa = XCBuildConfiguration;
			baseConfigurationReference = 856013E0D8F1AB0EFDDE0737 /* Pods-stormy.release.xcconfig */;
			buildSettings = {
				ASSETCATALOG_COMPILER_APPICON_NAME = AppIcon;
				DEVELOPMENT_TEAM = MSPH9VBN9U;
				INFOPLIST_FILE = stormy/Info.plist;
				LD_RUNPATH_SEARCH_PATHS = "$(inherited) @executable_path/Frameworks";
				PRODUCT_BUNDLE_IDENTIFIER = com.davidramirez.stormy;
				PRODUCT_NAME = "$(TARGET_NAME)";
				SWIFT_VERSION = 3.0;
				TARGETED_DEVICE_FAMILY = 1;
			};
			name = Release;
		};
		D0920CBA1EC2565C00BBE06B /* Debug */ = {
			isa = XCBuildConfiguration;
			buildSettings = {
				ALWAYS_EMBED_SWIFT_STANDARD_LIBRARIES = YES;
				BUNDLE_LOADER = "$(TEST_HOST)";
				DEVELOPMENT_TEAM = MSPH9VBN9U;
				INFOPLIST_FILE = stormyTests/Info.plist;
				LD_RUNPATH_SEARCH_PATHS = "$(inherited) @executable_path/Frameworks @loader_path/Frameworks";
				PRODUCT_BUNDLE_IDENTIFIER = com.davidramirez.stormyTests;
				PRODUCT_NAME = "$(TARGET_NAME)";
				SWIFT_VERSION = 3.0;
				TEST_HOST = "$(BUILT_PRODUCTS_DIR)/stormy.app/stormy";
			};
			name = Debug;
		};
		D0920CBB1EC2565C00BBE06B /* Release */ = {
			isa = XCBuildConfiguration;
			buildSettings = {
				ALWAYS_EMBED_SWIFT_STANDARD_LIBRARIES = YES;
				BUNDLE_LOADER = "$(TEST_HOST)";
				DEVELOPMENT_TEAM = MSPH9VBN9U;
				INFOPLIST_FILE = stormyTests/Info.plist;
				LD_RUNPATH_SEARCH_PATHS = "$(inherited) @executable_path/Frameworks @loader_path/Frameworks";
				PRODUCT_BUNDLE_IDENTIFIER = com.davidramirez.stormyTests;
				PRODUCT_NAME = "$(TARGET_NAME)";
				SWIFT_VERSION = 3.0;
				TEST_HOST = "$(BUILT_PRODUCTS_DIR)/stormy.app/stormy";
			};
			name = Release;
		};
		D0920CBD1EC2565C00BBE06B /* Debug */ = {
			isa = XCBuildConfiguration;
			buildSettings = {
				ALWAYS_EMBED_SWIFT_STANDARD_LIBRARIES = YES;
				DEVELOPMENT_TEAM = MSPH9VBN9U;
				INFOPLIST_FILE = stormyUITests/Info.plist;
				LD_RUNPATH_SEARCH_PATHS = "$(inherited) @executable_path/Frameworks @loader_path/Frameworks";
				PRODUCT_BUNDLE_IDENTIFIER = com.davidramirez.stormyUITests;
				PRODUCT_NAME = "$(TARGET_NAME)";
				SWIFT_VERSION = 3.0;
				TEST_TARGET_NAME = stormy;
			};
			name = Debug;
		};
		D0920CBE1EC2565C00BBE06B /* Release */ = {
			isa = XCBuildConfiguration;
			buildSettings = {
				ALWAYS_EMBED_SWIFT_STANDARD_LIBRARIES = YES;
				DEVELOPMENT_TEAM = MSPH9VBN9U;
				INFOPLIST_FILE = stormyUITests/Info.plist;
				LD_RUNPATH_SEARCH_PATHS = "$(inherited) @executable_path/Frameworks @loader_path/Frameworks";
				PRODUCT_BUNDLE_IDENTIFIER = com.davidramirez.stormyUITests;
				PRODUCT_NAME = "$(TARGET_NAME)";
				SWIFT_VERSION = 3.0;
				TEST_TARGET_NAME = stormy;
			};
			name = Release;
		};
/* End XCBuildConfiguration section */

/* Begin XCConfigurationList section */
		D0920C891EC2565B00BBE06B /* Build configuration list for PBXProject "stormy" */ = {
			isa = XCConfigurationList;
			buildConfigurations = (
				D0920CB41EC2565C00BBE06B /* Debug */,
				D0920CB51EC2565C00BBE06B /* Release */,
			);
			defaultConfigurationIsVisible = 0;
			defaultConfigurationName = Release;
		};
		D0920CB61EC2565C00BBE06B /* Build configuration list for PBXNativeTarget "stormy" */ = {
			isa = XCConfigurationList;
			buildConfigurations = (
				D0920CB71EC2565C00BBE06B /* Debug */,
				D0920CB81EC2565C00BBE06B /* Release */,
			);
			defaultConfigurationIsVisible = 0;
		};
		D0920CB91EC2565C00BBE06B /* Build configuration list for PBXNativeTarget "stormyTests" */ = {
			isa = XCConfigurationList;
			buildConfigurations = (
				D0920CBA1EC2565C00BBE06B /* Debug */,
				D0920CBB1EC2565C00BBE06B /* Release */,
			);
			defaultConfigurationIsVisible = 0;
		};
		D0920CBC1EC2565C00BBE06B /* Build configuration list for PBXNativeTarget "stormyUITests" */ = {
			isa = XCConfigurationList;
			buildConfigurations = (
				D0920CBD1EC2565C00BBE06B /* Debug */,
				D0920CBE1EC2565C00BBE06B /* Release */,
			);
			defaultConfigurationIsVisible = 0;
		};
/* End XCConfigurationList section */
	};
	rootObject = D0920C861EC2565B00BBE06B /* Project object */;
}
